// !$*UTF8*$!
{
	archiveVersion = 1;
	classes = {
	};
	objectVersion = 46;
	objects = {

/* Begin PBXBuildFile section */
		5954B9841ED6D2C9006F7EC8 /* main.m in Sources */ = {isa = PBXBuildFile; fileRef = 5954B9831ED6D2C9006F7EC8 /* main.m */; };
		5954B9871ED6D2C9006F7EC8 /* AppDelegate.m in Sources */ = {isa = PBXBuildFile; fileRef = 5954B9861ED6D2C9006F7EC8 /* AppDelegate.m */; };
		5954B98A1ED6D2CA006F7EC8 /* ViewController.m in Sources */ = {isa = PBXBuildFile; fileRef = 5954B9891ED6D2CA006F7EC8 /* ViewController.m */; };
		5954B98D1ED6D2CA006F7EC8 /* Main.storyboard in Resources */ = {isa = PBXBuildFile; fileRef = 5954B98B1ED6D2CA006F7EC8 /* Main.storyboard */; };
		5954B98F1ED6D2CA006F7EC8 /* Assets.xcassets in Resources */ = {isa = PBXBuildFile; fileRef = 5954B98E1ED6D2CA006F7EC8 /* Assets.xcassets */; };
		5954B9921ED6D2CA006F7EC8 /* LaunchScreen.storyboard in Resources */ = {isa = PBXBuildFile; fileRef = 5954B9901ED6D2CA006F7EC8 /* LaunchScreen.storyboard */; };
/* End PBXBuildFile section */

/* Begin PBXFileReference section */
		5954B97F1ED6D2C9006F7EC8 /* Sizeof_strlen.app */ = {isa = PBXFileReference; explicitFileType = wrapper.application; includeInIndex = 0; path = Sizeof_strlen.app; sourceTree = BUILT_PRODUCTS_DIR; };
		5954B9831ED6D2C9006F7EC8 /* main.m */ = {isa = PBXFileReference; lastKnownFileType = sourcecode.c.objc; path = main.m; sourceTree = "<group>"; };
		5954B9851ED6D2C9006F7EC8 /* AppDelegate.h */ = {isa = PBXFileReference; lastKnownFileType = sourcecode.c.h; path = AppDelegate.h; sourceTree = "<group>"; };
		5954B9861ED6D2C9006F7EC8 /* AppDelegate.m */ = {isa = PBXFileReference; lastKnownFileType = sourcecode.c.objc; path = AppDelegate.m; sourceTree = "<group>"; };
		5954B9881ED6D2CA006F7EC8 /* ViewController.h */ = {isa = PBXFileReference; lastKnownFileType = sourcecode.c.h; path = ViewController.h; sourceTree = "<group>"; };
		5954B9891ED6D2CA006F7EC8 /* ViewController.m */ = {isa = PBXFileReference; lastKnownFileType = sourcecode.c.objc; path = ViewController.m; sourceTree = "<group>"; };
		5954B98C1ED6D2CA006F7EC8 /* Base */ = {isa = PBXFileReference; lastKnownFileType = file.storyboard; name = Base; path = Base.lproj/Main.storyboard; sourceTree = "<group>"; };
		5954B98E1ED6D2CA006F7EC8 /* Assets.xcassets */ = {isa = PBXFileReference; lastKnownFileType = folder.assetcatalog; path = Assets.xcassets; sourceTree = "<group>"; };
		5954B9911ED6D2CA006F7EC8 /* Base */ = {isa = PBXFileReference; lastKnownFileType = file.storyboard; name = Base; path = Base.lproj/LaunchScreen.storyboard; sourceTree = "<group>"; };
		5954B9931ED6D2CA006F7EC8 /* Info.plist */ = {isa = PBXFileReference; lastKnownFileType = text.plist.xml; path = Info.plist; sourceTree = "<group>"; };
/* End PBXFileReference section */

/* Begin PBXFrameworksBuildPhase section */
		5954B97C1ED6D2C9006F7EC8 /* Frameworks */ = {
			isa = PBXFrameworksBuildPhase;
			buildActionMask = 2147483647;
			files = (
			);
			runOnlyForDeploymentPostprocessing = 0;
		};
/* End PBXFrameworksBuildPhase section */

/* Begin PBXGroup section */
		5954B9761ED6D2C9006F7EC8 = {
			isa = PBXGroup;
			children = (
				5954B9811ED6D2C9006F7EC8 /* Sizeof_strlen */,
				5954B9801ED6D2C9006F7EC8 /* Products */,
			);
			sourceTree = "<group>";
		};
		5954B9801ED6D2C9006F7EC8 /* Products */ = {
			isa = PBXGroup;
			children = (
				5954B97F1ED6D2C9006F7EC8 /* Sizeof_strlen.app */,
			);
			name = Products;
			sourceTree = "<group>";
		};
		5954B9811ED6D2C9006F7EC8 /* Sizeof_strlen */ = {
			isa = PBXGroup;
			children = (
				5954B9851ED6D2C9006F7EC8 /* AppDelegate.h */,
				5954B9861ED6D2C9006F7EC8 /* AppDelegate.m */,
				5954B9881ED6D2CA006F7EC8 /* ViewController.h */,
				5954B9891ED6D2CA006F7EC8 /* ViewController.m */,
				5954B98B1ED6D2CA006F7EC8 /* Main.storyboard */,
				5954B98E1ED6D2CA006F7EC8 /* Assets.xcassets */,
				5954B9901ED6D2CA006F7EC8 /* LaunchScreen.storyboard */,
				5954B9931ED6D2CA006F7EC8 /* Info.plist */,
				5954B9821ED6D2C9006F7EC8 /* Supporting Files */,
			);
			path = Sizeof_strlen;
			sourceTree = "<group>";
		};
		5954B9821ED6D2C9006F7EC8 /* Supporting Files */ = {
			isa = PBXGroup;
			children = (
				5954B9831ED6D2C9006F7EC8 /* main.m */,
			);
			name = "Supporting Files";
			sourceTree = "<group>";
		};
/* End PBXGroup section */

/* Begin PBXNativeTarget section */
		5954B97E1ED6D2C9006F7EC8 /* Sizeof_strlen */ = {
			isa = PBXNativeTarget;
			buildConfigurationList = 5954B9961ED6D2CA006F7EC8 /* Build configuration list for PBXNativeTarget "Sizeof_strlen" */;
			buildPhases = (
				5954B97B1ED6D2C9006F7EC8 /* Sources */,
				5954B97C1ED6D2C9006F7EC8 /* Frameworks */,
				5954B97D1ED6D2C9006F7EC8 /* Resources */,
			);
			buildRules = (
			);
			dependencies = (
			);
			name = Sizeof_strlen;
			productName = ResearchOfChar;
			productReference = 5954B97F1ED6D2C9006F7EC8 /* Sizeof_strlen.app */;
			productType = "com.apple.product-type.application";
		};
/* End PBXNativeTarget section */

/* Begin PBXProject section */
		5954B9771ED6D2C9006F7EC8 /* Project object */ = {
			isa = PBXProject;
			attributes = {
				LastUpgradeCheck = 0830;
				ORGANIZATIONNAME = koGyoko;
				TargetAttributes = {
					5954B97E1ED6D2C9006F7EC8 = {
						CreatedOnToolsVersion = 8.3.1;
						DevelopmentTeam = 7US767378D;
						ProvisioningStyle = Automatic;
					};
				};
			};
			buildConfigurationList = 5954B97A1ED6D2C9006F7EC8 /* Build configuration list for PBXProject "Sizeof_strlen" */;
			compatibilityVersion = "Xcode 3.2";
			developmentRegion = English;
			hasScannedForEncodings = 0;
			knownRegions = (
				en,
				Base,
			);
			mainGroup = 5954B9761ED6D2C9006F7EC8;
			productRefGroup = 5954B9801ED6D2C9006F7EC8 /* Products */;
			projectDirPath = "";
			projectRoot = "";
			targets = (
				5954B97E1ED6D2C9006F7EC8 /* Sizeof_strlen */,
			);
		};
/* End PBXProject section */

/* Begin PBXResourcesBuildPhase section */
		5954B97D1ED6D2C9006F7EC8 /* Resources */ = {
			isa = PBXResourcesBuildPhase;
			buildActionMask = 2147483647;
			files = (
				5954B9921ED6D2CA006F7EC8 /* LaunchScreen.storyboard in Resources */,
				5954B98F1ED6D2CA006F7EC8 /* Assets.xcassets in Resources */,
				5954B98D1ED6D2CA006F7EC8 /* Main.storyboard in Resources */,
			);
			runOnlyForDeploymentPostprocessing = 0;
		};
/* End PBXResourcesBuildPhase section */

/* Begin PBXSourcesBuildPhase section */
		5954B97B1ED6D2C9006F7EC8 /* Sources */ = {
			isa = PBXSourcesBuildPhase;
			buildActionMask = 2147483647;
			files = (
				5954B98A1ED6D2CA006F7EC8 /* ViewController.m in Sources */,
				5954B9871ED6D2C9006F7EC8 /* AppDelegate.m in Sources */,
				5954B9841ED6D2C9006F7EC8 /* main.m in Sources */,
			);
			runOnlyForDeploymentPostprocessing = 0;
		};
/* End PBXSourcesBuildPhase section */

/* Begin PBXVariantGroup section */
		5954B98B1ED6D2CA006F7EC8 /* Main.storyboard */ = {
			isa = PBXVariantGroup;
			children = (
				5954B98C1ED6D2CA006F7EC8 /* Base */,
			);
			name = Main.storyboard;
			sourceTree = "<group>";
		};
		5954B9901ED6D2CA006F7EC8 /* LaunchScreen.storyboard */ = {
			isa = PBXVariantGroup;
			children = (
				5954B9911ED6D2CA006F7EC8 /* Base */,
			);
			name = LaunchScreen.storyboard;
			sourceTree = "<group>";
		};
/* End PBXVariantGroup section */

/* Begin XCBuildConfiguration section */
		5954B9941ED6D2CA006F7EC8 /* Debug */ = {
			isa = XCBuildConfiguration;
			buildSettings = {
				ALWAYS_SEARCH_USER_PATHS = NO;
				CLANG_ANALYZER_NONNULL = YES;
				CLANG_ANALYZER_NUMBER_OBJECT_CONVERSION = YES_AGGRESSIVE;
				CLANG_CXX_LANGUAGE_STANDARD = "gnu++0x";
				CLANG_CXX_LIBRARY = "libc++";
				CLANG_ENABLE_MODULES = YES;
				CLANG_ENABLE_OBJC_ARC = YES;
				CLANG_WARN_BOOL_CONVERSION = YES;
				CLANG_WARN_CONSTANT_CONVERSION = YES;
				CLANG_WARN_DIRECT_OBJC_ISA_USAGE = YES_ERROR;
				CLANG_WARN_DOCUMENTATION_COMMENTS = YES;
				CLANG_WARN_EMPTY_BODY = YES;
				CLANG_WARN_ENUM_CONVERSION = YES;
				CLANG_WARN_INFINITE_RECURSION = YES;
				CLANG_WARN_INT_CONVERSION = YES;
				CLANG_WARN_OBJC_ROOT_CLASS = YES_ERROR;
				CLANG_WARN_SUSPICIOUS_MOVE = YES;
				CLANG_WARN_UNREACHABLE_CODE = YES;
				CLANG_WARN__DUPLICATE_METHOD_MATCH = YES;
				"CODE_SIGN_IDENTITY[sdk=iphoneos*]" = "iPhone Developer";
				COPY_PHASE_STRIP = NO;
				DEBUG_INFORMATION_FORMAT = dwarf;
				ENABLE_STRICT_OBJC_MSGSEND = YES;
				ENABLE_TESTABILITY = YES;
				GCC_C_LANGUAGE_STANDARD = gnu99;
				GCC_DYNAMIC_NO_PIC = NO;
				GCC_NO_COMMON_BLOCKS = YES;
				GCC_OPTIMIZATION_LEVEL = 0;
				GCC_PREPROCESSOR_DEFINITIONS = (
					"DEBUG=1",
					"$(inherited)",
				);
				GCC_WARN_64_TO_32_BIT_CONVERSION = YES;
				GCC_WARN_ABOUT_RETURN_TYPE = YES_ERROR;
				GCC_WARN_UNDECLARED_SELECTOR = YES;
				GCC_WARN_UNINITIALIZED_AUTOS = YES_AGGRESSIVE;
				GCC_WARN_UNUSED_FUNCTION = YES;
				GCC_WARN_UNUSED_VARIABLE = YES;
				IPHONEOS_DEPLOYMENT_TARGET = 10.3;
				MTL_ENABLE_DEBUG_INFO = YES;
				ONLY_ACTIVE_ARCH = YES;
				SDKROOT = iphoneos;
				TARGETED_DEVICE_FAMILY = "1,2";
			};
			name = Debug;
		};
		5954B9951ED6D2CA006F7EC8 /* Release */ = {
			isa = XCBuildConfiguration;
			buildSettings = {
				ALWAYS_SEARCH_USER_PATHS = NO;
				CLANG_ANALYZER_NONNULL = YES;
				CLANG_ANALYZER_NUMBER_OBJECT_CONVERSION = YES_AGGRESSIVE;
				CLANG_CXX_LANGUAGE_STANDARD = "gnu++0x";
				CLANG_CXX_LIBRARY = "libc++";
				CLANG_ENABLE_MODULES = YES;
				CLANG_ENABLE_OBJC_ARC = YES;
				CLANG_WARN_BOOL_CONVERSION = YES;
				CLANG_WARN_CONSTANT_CONVERSION = YES;
				CLANG_WARN_DIRECT_OBJC_ISA_USAGE = YES_ERROR;
				CLANG_WARN_DOCUMENTATION_COMMENTS = YES;
				CLANG_WARN_EMPTY_BODY = YES;
				CLANG_WARN_ENUM_CONVERSION = YES;
				CLANG_WARN_INFINITE_RECURSION = YES;
				CLANG_WARN_INT_CONVERSION = YES;
				CLANG_WARN_OBJC_ROOT_CLASS = YES_ERROR;
				CLANG_WARN_SUSPICIOUS_MOVE = YES;
				CLANG_WARN_UNREACHABLE_CODE = YES;
				CLANG_WARN__DUPLICATE_METHOD_MATCH = YES;
				"CODE_SIGN_IDENTITY[sdk=iphoneos*]" = "iPhone Developer";
				COPY_PHASE_STRIP = NO;
				DEBUG_INFORMATION_FORMAT = "dwarf-with-dsym";
				ENABLE_NS_ASSERTIONS = NO;
				ENABLE_STRICT_OBJC_MSGSEND = YES;
				GCC_C_LANGUAGE_STANDARD = gnu99;
				GCC_NO_COMMON_BLOCKS = YES;
				GCC_WARN_64_TO_32_BIT_CONVERSION = YES;
				GCC_WARN_ABOUT_RETURN_TYPE = YES_ERROR;
				GCC_WARN_UNDECLARED_SELECTOR = YES;
				GCC_WARN_UNINITIALIZED_AUTOS = YES_AGGRESSIVE;
				GCC_WARN_UNUSED_FUNCTION = YES;
				GCC_WARN_UNUSED_VARIABLE = YES;
				IPHONEOS_DEPLOYMENT_TARGET = 10.3;
				MTL_ENABLE_DEBUG_INFO = NO;
				SDKROOT = iphoneos;
				TARGETED_DEVICE_FAMILY = "1,2";
				VALIDATE_PRODUCT = YES;
			};
			name = Release;
		};
		5954B9971ED6D2CA006F7EC8 /* Debug */ = {
			isa = XCBuildConfiguration;
			buildSettings = {
				ASSETCATALOG_COMPILER_APPICON_NAME = AppIcon;
				"CODE_SIGN_IDENTITY[sdk=iphoneos*]" = "iPhone Developer";
				DEVELOPMENT_TEAM = 7US767378D;
				INFOPLIST_FILE = Sizeof_strlen/Info.plist;
				LD_RUNPATH_SEARCH_PATHS = "$(inherited) @executable_path/Frameworks";
				PRODUCT_BUNDLE_IDENTIFIER = "jp.co.yahoo.alarkersi82.Sizeof-strlen";
				PRODUCT_NAME = "$(TARGET_NAME)";
				PROVISIONING_PROFILE_SPECIFIER = "";
			};
			name = Debug;
		};
		5954B9981ED6D2CA006F7EC8 /* Release */ = {
			isa = XCBuildConfiguration;
			buildSettings = {
				ASSETCATALOG_COMPILER_APPICON_NAME = AppIcon;
				"CODE_SIGN_IDENTITY[sdk=iphoneos*]" = "iPhone Developer";
				DEVELOPMENT_TEAM = 7US767378D;
				INFOPLIST_FILE = Sizeof_strlen/Info.plist;
				LD_RUNPATH_SEARCH_PATHS = "$(inherited) @executable_path/Frameworks";
				PRODUCT_BUNDLE_IDENTIFIER = "jp.co.yahoo.alarkersi82.Sizeof-strlen";
				PRODUCT_NAME = "$(TARGET_NAME)";
				PROVISIONING_PROFILE_SPECIFIER = "";
			};
			name = Release;
		};
/* End XCBuildConfiguration section */

/* Begin XCConfigurationList section */
		5954B97A1ED6D2C9006F7EC8 /* Build configuration list for PBXProject "Sizeof_strlen" */ = {
			isa = XCConfigurationList;
			buildConfigurations = (
				5954B9941ED6D2CA006F7EC8 /* Debug */,
				5954B9951ED6D2CA006F7EC8 /* Release */,
			);
			defaultConfigurationIsVisible = 0;
			defaultConfigurationName = Release;
		};
		5954B9961ED6D2CA006F7EC8 /* Build configuration list for PBXNativeTarget "Sizeof_strlen" */ = {
			isa = XCConfigurationList;
			buildConfigurations = (
				5954B9971ED6D2CA006F7EC8 /* Debug */,
				5954B9981ED6D2CA006F7EC8 /* Release */,
			);
			defaultConfigurationIsVisible = 0;
			defaultConfigurationName = Release;
		};
/* End XCConfigurationList section */
	};
	rootObject = 5954B9771ED6D2C9006F7EC8 /* Project object */;
}
